{
  "projects": [
    {
      "projectId": "7XSwBw2GQLDk7qDguE5q2M",
      "version": "latest",
      "dependencies": {},
      "lang": "ts",
      "fileLocks": [
        {
          "assetId": "7XSwBw2GQLDk7qDguE5q2M",
          "checksum": "2b128decb41b1d783e8f16eca917374f",
          "type": "projectModule"
        },
        {
          "assetId": "7XSwBw2GQLDk7qDguE5q2M",
          "checksum": "fd9d11722dc99f28cccf185d01ba9396",
          "type": "styleTokensProvider"
        },
        {
          "type": "renderModule",
          "assetId": "0n_zuzF6Nl2o",
          "checksum": "980f936fc83ecf7180935013b53c71ec"
        },
        {
          "type": "cssRules",
          "assetId": "0n_zuzF6Nl2o",
          "checksum": "980f936fc83ecf7180935013b53c71ec"
        },
        {
          "assetId": "7XSwBw2GQLDk7qDguE5q2M",
          "type": "projectCss",
          "checksum": "eed2bc9b87f09e70ddf21a166b32089e"
        }
      ],
      "codegenVersion": "0.0.3"
    }
  ],
  "cliVersion": "0.1.359"
}
